
Microsoft Visual Studio Solution File, Format Version 12.00
# Visual Studio 15
VisualStudioVersion = 15.0.27130.2024
MinimumVisualStudioVersion = 10.0.40219.1
Project("{FAE04EC0-301F-11D3-BF4B-00C04F79EFBC}") = "FlowEngineV1", "FlowEngine\FlowEngineV1.csproj", "{BAE04232-BEFA-4B6D-A712-B010DA8B9738}"
EndProject
Project("{FAE04EC0-301F-11D3-BF4B-00C04F79EFBC}") = "GateDB", "GateDB\GateDB.csproj", "{6B569402-86A4-4F33-84EB-85FEDC5CFC3B}"
EndProject
Project("{2150E333-8FDC-42A3-9474-1A3956D46DE8}") = "_1_Gate", "_1_Gate", "{F2E28C5E-48BD-4E84-AA6B-75139989FCEF}"
EndProject
Project("{FAE04EC0-301F-11D3-BF4B-00C04F79EFBC}") = "GateAPI", "GateAPI\GateAPI.csproj", "{473DAF23-41FB-408E-AFEC-B33CCD434E0C}"
EndProject
Project("{2150E333-8FDC-42A3-9474-1A3956D46DE8}") = "_0_Example", "_0_Example", "{03C86EE7-5245-4C9D-9771-BAF339614027}"
EndProject
Project("{FAE04EC0-301F-11D3-BF4B-00C04F79EFBC}") = "ExampleFE", "ExampleFE\ExampleFE.csproj", "{49AD8048-8C48-40DA-BD87-B731B04E5472}"
EndProject
Global
	GlobalSection(SolutionConfigurationPlatforms) = preSolution
		Debug|Any CPU = Debug|Any CPU
		Debug|ARM = Debug|ARM
		Debug|x64 = Debug|x64
		Debug|x86 = Debug|x86
		Release|Any CPU = Release|Any CPU
		Release|ARM = Release|ARM
		Release|x64 = Release|x64
		Release|x86 = Release|x86
	EndGlobalSection
	GlobalSection(ProjectConfigurationPlatforms) = postSolution
		{BAE04232-BEFA-4B6D-A712-B010DA8B9738}.Debug|Any CPU.ActiveCfg = Debug|Any CPU
		{BAE04232-BEFA-4B6D-A712-B010DA8B9738}.Debug|Any CPU.Build.0 = Debug|Any CPU
		{BAE04232-BEFA-4B6D-A712-B010DA8B9738}.Debug|ARM.ActiveCfg = Debug|Any CPU
		{BAE04232-BEFA-4B6D-A712-B010DA8B9738}.Debug|ARM.Build.0 = Debug|Any CPU
		{BAE04232-BEFA-4B6D-A712-B010DA8B9738}.Debug|x64.ActiveCfg = Debug|Any CPU
		{BAE04232-BEFA-4B6D-A712-B010DA8B9738}.Debug|x64.Build.0 = Debug|Any CPU
		{BAE04232-BEFA-4B6D-A712-B010DA8B9738}.Debug|x86.ActiveCfg = Debug|Any CPU
		{BAE04232-BEFA-4B6D-A712-B010DA8B9738}.Debug|x86.Build.0 = Debug|Any CPU
		{BAE04232-BEFA-4B6D-A712-B010DA8B9738}.Release|Any CPU.ActiveCfg = Release|Any CPU
		{BAE04232-BEFA-4B6D-A712-B010DA8B9738}.Release|Any CPU.Build.0 = Release|Any CPU
		{BAE04232-BEFA-4B6D-A712-B010DA8B9738}.Release|ARM.ActiveCfg = Release|Any CPU
		{BAE04232-BEFA-4B6D-A712-B010DA8B9738}.Release|ARM.Build.0 = Release|Any CPU
		{BAE04232-BEFA-4B6D-A712-B010DA8B9738}.Release|x64.ActiveCfg = Release|Any CPU
		{BAE04232-BEFA-4B6D-A712-B010DA8B9738}.Release|x64.Build.0 = Release|Any CPU
		{BAE04232-BEFA-4B6D-A712-B010DA8B9738}.Release|x86.ActiveCfg = Release|Any CPU
		{BAE04232-BEFA-4B6D-A712-B010DA8B9738}.Release|x86.Build.0 = Release|Any CPU
		{6B569402-86A4-4F33-84EB-85FEDC5CFC3B}.Debug|Any CPU.ActiveCfg = Debug|Any CPU
		{6B569402-86A4-4F33-84EB-85FEDC5CFC3B}.Debug|Any CPU.Build.0 = Debug|Any CPU
		{6B569402-86A4-4F33-84EB-85FEDC5CFC3B}.Debug|ARM.ActiveCfg = Debug|Any CPU
		{6B569402-86A4-4F33-84EB-85FEDC5CFC3B}.Debug|ARM.Build.0 = Debug|Any CPU
		{6B569402-86A4-4F33-84EB-85FEDC5CFC3B}.Debug|x64.ActiveCfg = Debug|Any CPU
		{6B569402-86A4-4F33-84EB-85FEDC5CFC3B}.Debug|x64.Build.0 = Debug|Any CPU
		{6B569402-86A4-4F33-84EB-85FEDC5CFC3B}.Debug|x86.ActiveCfg = Debug|Any CPU
		{6B569402-86A4-4F33-84EB-85FEDC5CFC3B}.Debug|x86.Build.0 = Debug|Any CPU
		{6B569402-86A4-4F33-84EB-85FEDC5CFC3B}.Release|Any CPU.ActiveCfg = Release|Any CPU
		{6B569402-86A4-4F33-84EB-85FEDC5CFC3B}.Release|Any CPU.Build.0 = Release|Any CPU
		{6B569402-86A4-4F33-84EB-85FEDC5CFC3B}.Release|ARM.ActiveCfg = Release|Any CPU
		{6B569402-86A4-4F33-84EB-85FEDC5CFC3B}.Release|ARM.Build.0 = Release|Any CPU
		{6B569402-86A4-4F33-84EB-85FEDC5CFC3B}.Release|x64.ActiveCfg = Release|Any CPU
		{6B569402-86A4-4F33-84EB-85FEDC5CFC3B}.Release|x64.Build.0 = Release|Any CPU
		{6B569402-86A4-4F33-84EB-85FEDC5CFC3B}.Release|x86.ActiveCfg = Release|Any CPU
		{6B569402-86A4-4F33-84EB-85FEDC5CFC3B}.Release|x86.Build.0 = Release|Any CPU
		{473DAF23-41FB-408E-AFEC-B33CCD434E0C}.Debug|Any CPU.ActiveCfg = Debug|Any CPU
		{473DAF23-41FB-408E-AFEC-B33CCD434E0C}.Debug|Any CPU.Build.0 = Debug|Any CPU
		{473DAF23-41FB-408E-AFEC-B33CCD434E0C}.Debug|ARM.ActiveCfg = Debug|Any CPU
		{473DAF23-41FB-408E-AFEC-B33CCD434E0C}.Debug|ARM.Build.0 = Debug|Any CPU
		{473DAF23-41FB-408E-AFEC-B33CCD434E0C}.Debug|x64.ActiveCfg = Debug|Any CPU
		{473DAF23-41FB-408E-AFEC-B33CCD434E0C}.Debug|x64.Build.0 = Debug|Any CPU
		{473DAF23-41FB-408E-AFEC-B33CCD434E0C}.Debug|x86.ActiveCfg = Debug|Any CPU
		{473DAF23-41FB-408E-AFEC-B33CCD434E0C}.Debug|x86.Build.0 = Debug|Any CPU
		{473DAF23-41FB-408E-AFEC-B33CCD434E0C}.Release|Any CPU.ActiveCfg = Release|Any CPU
		{473DAF23-41FB-408E-AFEC-B33CCD434E0C}.Release|Any CPU.Build.0 = Release|Any CPU
		{473DAF23-41FB-408E-AFEC-B33CCD434E0C}.Release|ARM.ActiveCfg = Release|Any CPU
		{473DAF23-41FB-408E-AFEC-B33CCD434E0C}.Release|ARM.Build.0 = Release|Any CPU
		{473DAF23-41FB-408E-AFEC-B33CCD434E0C}.Release|x64.ActiveCfg = Release|Any CPU
		{473DAF23-41FB-408E-AFEC-B33CCD434E0C}.Release|x64.Build.0 = Release|Any CPU
		{473DAF23-41FB-408E-AFEC-B33CCD434E0C}.Release|x86.ActiveCfg = Release|Any CPU
		{473DAF23-41FB-408E-AFEC-B33CCD434E0C}.Release|x86.Build.0 = Release|Any CPU
		{49AD8048-8C48-40DA-BD87-B731B04E5472}.Debug|Any CPU.ActiveCfg = Debug|Any CPU
		{49AD8048-8C48-40DA-BD87-B731B04E5472}.Debug|Any CPU.Build.0 = Debug|Any CPU
		{49AD8048-8C48-40DA-BD87-B731B04E5472}.Debug|ARM.ActiveCfg = Debug|Any CPU
		{49AD8048-8C48-40DA-BD87-B731B04E5472}.Debug|ARM.Build.0 = Debug|Any CPU
		{49AD8048-8C48-40DA-BD87-B731B04E5472}.Debug|x64.ActiveCfg = Debug|Any CPU
		{49AD8048-8C48-40DA-BD87-B731B04E5472}.Debug|x64.Build.0 = Debug|Any CPU
		{49AD8048-8C48-40DA-BD87-B731B04E5472}.Debug|x86.ActiveCfg = Debug|Any CPU
		{49AD8048-8C48-40DA-BD87-B731B04E5472}.Debug|x86.Build.0 = Debug|Any CPU
		{49AD8048-8C48-40DA-BD87-B731B04E5472}.Release|Any CPU.ActiveCfg = Release|Any CPU
		{49AD8048-8C48-40DA-BD87-B731B04E5472}.Release|Any CPU.Build.0 = Release|Any CPU
		{49AD8048-8C48-40DA-BD87-B731B04E5472}.Release|ARM.ActiveCfg = Release|Any CPU
		{49AD8048-8C48-40DA-BD87-B731B04E5472}.Release|ARM.Build.0 = Release|Any CPU
		{49AD8048-8C48-40DA-BD87-B731B04E5472}.Release|x64.ActiveCfg = Release|Any CPU
		{49AD8048-8C48-40DA-BD87-B731B04E5472}.Release|x64.Build.0 = Release|Any CPU
		{49AD8048-8C48-40DA-BD87-B731B04E5472}.Release|x86.ActiveCfg = Release|Any CPU
		{49AD8048-8C48-40DA-BD87-B731B04E5472}.Release|x86.Build.0 = Release|Any CPU
	EndGlobalSection
	GlobalSection(SolutionProperties) = preSolution
		HideSolutionNode = FALSE
	EndGlobalSection
	GlobalSection(NestedProjects) = preSolution
		{6B569402-86A4-4F33-84EB-85FEDC5CFC3B} = {F2E28C5E-48BD-4E84-AA6B-75139989FCEF}
		{473DAF23-41FB-408E-AFEC-B33CCD434E0C} = {F2E28C5E-48BD-4E84-AA6B-75139989FCEF}
		{49AD8048-8C48-40DA-BD87-B731B04E5472} = {03C86EE7-5245-4C9D-9771-BAF339614027}
	EndGlobalSection
	GlobalSection(ExtensibilityGlobals) = postSolution
		SolutionGuid = {17E4C8E8-5841-4670-86A5-6B4B3C410F1A}
	EndGlobalSection
EndGlobal
